{
  "version": 4,
  "terraform_version": "1.4.2",
  "serial": 200,
  "lineage": "5c43ae6d-b49b-d420-3ecc-b05b9c154085",
  "outputs": {},
  "resources": [
    {
      "module": "module.rg",
      "mode": "managed",
      "type": "azurerm_resource_group",
      "name": "rg",
      "provider": "provider[\"registry.terraform.io/hashicorp/azurerm\"]",
      "instances": [
        {
          "schema_version": 0,
          "attributes": {
            "id": "/subscriptions/ac69b08c-549d-4b2d-9643-50f472e96ab0/resourceGroups/vnet-rg",
            "location": "centralindia",
            "name": "vnet-rg",
            "tags": {},
            "timeouts": null
          },
          "sensitive_attributes": [],
          "private": "eyJlMmJmYjczMC1lY2FhLTExZTYtOGY4OC0zNDM2M2JjN2M0YzAiOnsiY3JlYXRlIjo1NDAwMDAwMDAwMDAwLCJkZWxldGUiOjU0MDAwMDAwMDAwMDAsInJlYWQiOjMwMDAwMDAwMDAwMCwidXBkYXRlIjo1NDAwMDAwMDAwMDAwfX0="
        }
      ]
    },
    {
      "module": "module.vnet",
      "mode": "managed",
      "type": "azurerm_virtual_network",
      "name": "vnet01",
      "provider": "provider[\"registry.terraform.io/hashicorp/azurerm\"]",
      "instances": [
        {
          "schema_version": 0,
          "attributes": {
            "address_space": [
              "10.0.0.0/16"
            ],
            "bgp_community": "",
            "ddos_protection_plan": [],
            "dns_servers": [],
            "flow_timeout_in_minutes": 0,
            "guid": "4d2e241a-dbd8-4ce8-bb0a-519d401595bd",
            "id": "/subscriptions/ac69b08c-549d-4b2d-9643-50f472e96ab0/resourceGroups/vnet-rg/providers/Microsoft.Network/virtualNetworks/vnet01",
            "location": "centralindia",
            "name": "vnet01",
            "resource_group_name": "vnet-rg",
            "subnet": [
              {
                "address_prefix": "10.0.0.0/24",
                "id": "/subscriptions/ac69b08c-549d-4b2d-9643-50f472e96ab0/resourceGroups/vnet-rg/providers/Microsoft.Network/virtualNetworks/vnet01/subnets/web-subnet",
                "name": "web-subnet",
                "security_group": "/subscriptions/ac69b08c-549d-4b2d-9643-50f472e96ab0/resourceGroups/web-rg/providers/Microsoft.Network/networkSecurityGroups/web-nsg"
              },
              {
                "address_prefix": "10.0.1.0/24",
                "id": "/subscriptions/ac69b08c-549d-4b2d-9643-50f472e96ab0/resourceGroups/vnet-rg/providers/Microsoft.Network/virtualNetworks/vnet01/subnets/app-subnet",
                "name": "app-subnet",
                "security_group": "/subscriptions/ac69b08c-549d-4b2d-9643-50f472e96ab0/resourceGroups/app-rg/providers/Microsoft.Network/networkSecurityGroups/app-nsg"
              },
              {
                "address_prefix": "10.0.2.0/24",
                "id": "/subscriptions/ac69b08c-549d-4b2d-9643-50f472e96ab0/resourceGroups/vnet-rg/providers/Microsoft.Network/virtualNetworks/vnet01/subnets/db-subnet",
                "name": "db-subnet",
                "security_group": ""
              }
            ],
            "tags": {},
            "timeouts": null,
            "vm_protection_enabled": false
          },
          "sensitive_attributes": [],
          "private": "eyJlMmJmYjczMC1lY2FhLTExZTYtOGY4OC0zNDM2M2JjN2M0YzAiOnsiY3JlYXRlIjoxODAwMDAwMDAwMDAwLCJkZWxldGUiOjE4MDAwMDAwMDAwMDAsInJlYWQiOjMwMDAwMDAwMDAwMCwidXBkYXRlIjoxODAwMDAwMDAwMDAwfX0=",
          "dependencies": [
            "module.rg.azurerm_resource_group.rg"
          ]
        }
      ]
    }
  ],
  "check_results": null
}
